
Microsoft Visual Studio Solution File, Format Version 12.00
# Visual Studio 2013
VisualStudioVersion = 12.0.30324.0
MinimumVisualStudioVersion = 10.0.40219.1
Project("{FAE04EC0-301F-11D3-BF4B-00C04F79EFBC}") = "HangmanAndroid", "Hangman\HangmanAndroid.csproj", "{18349E10-0357-4181-832B-4BA55EE47509}"
EndProject
Project("{FAE04EC0-301F-11D3-BF4B-00C04F79EFBC}") = "HangmanIOS", "HangmanIOS\HangmanIOS.csproj", "{0D38280F-5C60-4EFD-BE68-C318701635CF}"
EndProject
Project("{FAE04EC0-301F-11D3-BF4B-00C04F79EFBC}") = "HangmanCore", "HangmanCore\HangmanCore.csproj", "{7097E859-FA11-4FD2-BE7E-4322ED3C9A17}"
EndProject
Global
	GlobalSection(SolutionConfigurationPlatforms) = preSolution
		Ad-Hoc|Any CPU = Ad-Hoc|Any CPU
		Ad-Hoc|iPhone = Ad-Hoc|iPhone
		Ad-Hoc|iPhoneSimulator = Ad-Hoc|iPhoneSimulator
		Ad-Hoc|Mixed Platforms = Ad-Hoc|Mixed Platforms
		AppStore|Any CPU = AppStore|Any CPU
		AppStore|iPhone = AppStore|iPhone
		AppStore|iPhoneSimulator = AppStore|iPhoneSimulator
		AppStore|Mixed Platforms = AppStore|Mixed Platforms
		Debug|Any CPU = Debug|Any CPU
		Debug|iPhone = Debug|iPhone
		Debug|iPhoneSimulator = Debug|iPhoneSimulator
		Debug|Mixed Platforms = Debug|Mixed Platforms
		Release|Any CPU = Release|Any CPU
		Release|iPhone = Release|iPhone
		Release|iPhoneSimulator = Release|iPhoneSimulator
		Release|Mixed Platforms = Release|Mixed Platforms
	EndGlobalSection
	GlobalSection(ProjectConfigurationPlatforms) = postSolution
		{18349E10-0357-4181-832B-4BA55EE47509}.Ad-Hoc|Any CPU.ActiveCfg = Release|Any CPU
		{18349E10-0357-4181-832B-4BA55EE47509}.Ad-Hoc|Any CPU.Build.0 = Release|Any CPU
		{18349E10-0357-4181-832B-4BA55EE47509}.Ad-Hoc|Any CPU.Deploy.0 = Release|Any CPU
		{18349E10-0357-4181-832B-4BA55EE47509}.Ad-Hoc|iPhone.ActiveCfg = Release|Any CPU
		{18349E10-0357-4181-832B-4BA55EE47509}.Ad-Hoc|iPhoneSimulator.ActiveCfg = Release|Any CPU
		{18349E10-0357-4181-832B-4BA55EE47509}.Ad-Hoc|Mixed Platforms.ActiveCfg = Release|Any CPU
		{18349E10-0357-4181-832B-4BA55EE47509}.Ad-Hoc|Mixed Platforms.Build.0 = Release|Any CPU
		{18349E10-0357-4181-832B-4BA55EE47509}.Ad-Hoc|Mixed Platforms.Deploy.0 = Release|Any CPU
		{18349E10-0357-4181-832B-4BA55EE47509}.AppStore|Any CPU.ActiveCfg = Release|Any CPU
		{18349E10-0357-4181-832B-4BA55EE47509}.AppStore|Any CPU.Build.0 = Release|Any CPU
		{18349E10-0357-4181-832B-4BA55EE47509}.AppStore|Any CPU.Deploy.0 = Release|Any CPU
		{18349E10-0357-4181-832B-4BA55EE47509}.AppStore|iPhone.ActiveCfg = Release|Any CPU
		{18349E10-0357-4181-832B-4BA55EE47509}.AppStore|iPhoneSimulator.ActiveCfg = Release|Any CPU
		{18349E10-0357-4181-832B-4BA55EE47509}.AppStore|Mixed Platforms.ActiveCfg = Release|Any CPU
		{18349E10-0357-4181-832B-4BA55EE47509}.AppStore|Mixed Platforms.Build.0 = Release|Any CPU
		{18349E10-0357-4181-832B-4BA55EE47509}.AppStore|Mixed Platforms.Deploy.0 = Release|Any CPU
		{18349E10-0357-4181-832B-4BA55EE47509}.Debug|Any CPU.ActiveCfg = Debug|Any CPU
		{18349E10-0357-4181-832B-4BA55EE47509}.Debug|Any CPU.Build.0 = Debug|Any CPU
		{18349E10-0357-4181-832B-4BA55EE47509}.Debug|Any CPU.Deploy.0 = Debug|Any CPU
		{18349E10-0357-4181-832B-4BA55EE47509}.Debug|iPhone.ActiveCfg = Debug|Any CPU
		{18349E10-0357-4181-832B-4BA55EE47509}.Debug|iPhone.Build.0 = Debug|Any CPU
		{18349E10-0357-4181-832B-4BA55EE47509}.Debug|iPhoneSimulator.ActiveCfg = Debug|Any CPU
		{18349E10-0357-4181-832B-4BA55EE47509}.Debug|iPhoneSimulator.Build.0 = Debug|Any CPU
		{18349E10-0357-4181-832B-4BA55EE47509}.Debug|Mixed Platforms.ActiveCfg = Debug|Any CPU
		{18349E10-0357-4181-832B-4BA55EE47509}.Debug|Mixed Platforms.Build.0 = Debug|Any CPU
		{18349E10-0357-4181-832B-4BA55EE47509}.Debug|Mixed Platforms.Deploy.0 = Debug|Any CPU
		{18349E10-0357-4181-832B-4BA55EE47509}.Release|Any CPU.ActiveCfg = Release|Any CPU
		{18349E10-0357-4181-832B-4BA55EE47509}.Release|Any CPU.Build.0 = Release|Any CPU
		{18349E10-0357-4181-832B-4BA55EE47509}.Release|Any CPU.Deploy.0 = Release|Any CPU
		{18349E10-0357-4181-832B-4BA55EE47509}.Release|iPhone.ActiveCfg = Release|Any CPU
		{18349E10-0357-4181-832B-4BA55EE47509}.Release|iPhoneSimulator.ActiveCfg = Release|Any CPU
		{18349E10-0357-4181-832B-4BA55EE47509}.Release|Mixed Platforms.ActiveCfg = Release|Any CPU
		{18349E10-0357-4181-832B-4BA55EE47509}.Release|Mixed Platforms.Build.0 = Release|Any CPU
		{18349E10-0357-4181-832B-4BA55EE47509}.Release|Mixed Platforms.Deploy.0 = Release|Any CPU
		{0D38280F-5C60-4EFD-BE68-C318701635CF}.Ad-Hoc|Any CPU.ActiveCfg = Ad-Hoc|iPhone
		{0D38280F-5C60-4EFD-BE68-C318701635CF}.Ad-Hoc|iPhone.ActiveCfg = Ad-Hoc|iPhone
		{0D38280F-5C60-4EFD-BE68-C318701635CF}.Ad-Hoc|iPhone.Build.0 = Ad-Hoc|iPhone
		{0D38280F-5C60-4EFD-BE68-C318701635CF}.Ad-Hoc|iPhone.Deploy.0 = Ad-Hoc|iPhone
		{0D38280F-5C60-4EFD-BE68-C318701635CF}.Ad-Hoc|iPhoneSimulator.ActiveCfg = Ad-Hoc|iPhoneSimulator
		{0D38280F-5C60-4EFD-BE68-C318701635CF}.Ad-Hoc|iPhoneSimulator.Build.0 = Ad-Hoc|iPhoneSimulator
		{0D38280F-5C60-4EFD-BE68-C318701635CF}.Ad-Hoc|iPhoneSimulator.Deploy.0 = Ad-Hoc|iPhoneSimulator
		{0D38280F-5C60-4EFD-BE68-C318701635CF}.Ad-Hoc|Mixed Platforms.ActiveCfg = Ad-Hoc|iPhone
		{0D38280F-5C60-4EFD-BE68-C318701635CF}.Ad-Hoc|Mixed Platforms.Build.0 = Ad-Hoc|iPhone
		{0D38280F-5C60-4EFD-BE68-C318701635CF}.Ad-Hoc|Mixed Platforms.Deploy.0 = Ad-Hoc|iPhone
		{0D38280F-5C60-4EFD-BE68-C318701635CF}.AppStore|Any CPU.ActiveCfg = AppStore|iPhone
		{0D38280F-5C60-4EFD-BE68-C318701635CF}.AppStore|iPhone.ActiveCfg = AppStore|iPhone
		{0D38280F-5C60-4EFD-BE68-C318701635CF}.AppStore|iPhone.Build.0 = AppStore|iPhone
		{0D38280F-5C60-4EFD-BE68-C318701635CF}.AppStore|iPhone.Deploy.0 = AppStore|iPhone
		{0D38280F-5C60-4EFD-BE68-C318701635CF}.AppStore|iPhoneSimulator.ActiveCfg = AppStore|iPhoneSimulator
		{0D38280F-5C60-4EFD-BE68-C318701635CF}.AppStore|iPhoneSimulator.Build.0 = AppStore|iPhoneSimulator
		{0D38280F-5C60-4EFD-BE68-C318701635CF}.AppStore|iPhoneSimulator.Deploy.0 = AppStore|iPhoneSimulator
		{0D38280F-5C60-4EFD-BE68-C318701635CF}.AppStore|Mixed Platforms.ActiveCfg = AppStore|iPhone
		{0D38280F-5C60-4EFD-BE68-C318701635CF}.AppStore|Mixed Platforms.Build.0 = AppStore|iPhone
		{0D38280F-5C60-4EFD-BE68-C318701635CF}.AppStore|Mixed Platforms.Deploy.0 = AppStore|iPhone
		{0D38280F-5C60-4EFD-BE68-C318701635CF}.Debug|Any CPU.ActiveCfg = Debug|iPhone
		{0D38280F-5C60-4EFD-BE68-C318701635CF}.Debug|iPhone.ActiveCfg = Debug|iPhone
		{0D38280F-5C60-4EFD-BE68-C318701635CF}.Debug|iPhone.Build.0 = Debug|iPhone
		{0D38280F-5C60-4EFD-BE68-C318701635CF}.Debug|iPhone.Deploy.0 = Debug|iPhone
		{0D38280F-5C60-4EFD-BE68-C318701635CF}.Debug|iPhoneSimulator.ActiveCfg = Debug|iPhoneSimulator
		{0D38280F-5C60-4EFD-BE68-C318701635CF}.Debug|iPhoneSimulator.Build.0 = Debug|iPhoneSimulator
		{0D38280F-5C60-4EFD-BE68-C318701635CF}.Debug|iPhoneSimulator.Deploy.0 = Debug|iPhoneSimulator
		{0D38280F-5C60-4EFD-BE68-C318701635CF}.Debug|Mixed Platforms.ActiveCfg = Debug|iPhoneSimulator
		{0D38280F-5C60-4EFD-BE68-C318701635CF}.Debug|Mixed Platforms.Build.0 = Debug|iPhoneSimulator
		{0D38280F-5C60-4EFD-BE68-C318701635CF}.Release|Any CPU.ActiveCfg = Release|iPhone
		{0D38280F-5C60-4EFD-BE68-C318701635CF}.Release|iPhone.ActiveCfg = Release|iPhone
		{0D38280F-5C60-4EFD-BE68-C318701635CF}.Release|iPhone.Build.0 = Release|iPhone
		{0D38280F-5C60-4EFD-BE68-C318701635CF}.Release|iPhone.Deploy.0 = Release|iPhone
		{0D38280F-5C60-4EFD-BE68-C318701635CF}.Release|iPhoneSimulator.ActiveCfg = Release|iPhoneSimulator
		{0D38280F-5C60-4EFD-BE68-C318701635CF}.Release|iPhoneSimulator.Build.0 = Release|iPhoneSimulator
		{0D38280F-5C60-4EFD-BE68-C318701635CF}.Release|iPhoneSimulator.Deploy.0 = Release|iPhoneSimulator
		{0D38280F-5C60-4EFD-BE68-C318701635CF}.Release|Mixed Platforms.ActiveCfg = Release|iPhone
		{0D38280F-5C60-4EFD-BE68-C318701635CF}.Release|Mixed Platforms.Build.0 = Release|iPhone
		{0D38280F-5C60-4EFD-BE68-C318701635CF}.Release|Mixed Platforms.Deploy.0 = Release|iPhone
		{7097E859-FA11-4FD2-BE7E-4322ED3C9A17}.Ad-Hoc|Any CPU.ActiveCfg = Release|Any CPU
		{7097E859-FA11-4FD2-BE7E-4322ED3C9A17}.Ad-Hoc|Any CPU.Build.0 = Release|Any CPU
		{7097E859-FA11-4FD2-BE7E-4322ED3C9A17}.Ad-Hoc|iPhone.ActiveCfg = Release|Any CPU
		{7097E859-FA11-4FD2-BE7E-4322ED3C9A17}.Ad-Hoc|iPhoneSimulator.ActiveCfg = Release|Any CPU
		{7097E859-FA11-4FD2-BE7E-4322ED3C9A17}.Ad-Hoc|Mixed Platforms.ActiveCfg = Release|Any CPU
		{7097E859-FA11-4FD2-BE7E-4322ED3C9A17}.Ad-Hoc|Mixed Platforms.Build.0 = Release|Any CPU
		{7097E859-FA11-4FD2-BE7E-4322ED3C9A17}.AppStore|Any CPU.ActiveCfg = Release|Any CPU
		{7097E859-FA11-4FD2-BE7E-4322ED3C9A17}.AppStore|Any CPU.Build.0 = Release|Any CPU
		{7097E859-FA11-4FD2-BE7E-4322ED3C9A17}.AppStore|iPhone.ActiveCfg = Release|Any CPU
		{7097E859-FA11-4FD2-BE7E-4322ED3C9A17}.AppStore|iPhoneSimulator.ActiveCfg = Release|Any CPU
		{7097E859-FA11-4FD2-BE7E-4322ED3C9A17}.AppStore|Mixed Platforms.ActiveCfg = Release|Any CPU
		{7097E859-FA11-4FD2-BE7E-4322ED3C9A17}.AppStore|Mixed Platforms.Build.0 = Release|Any CPU
		{7097E859-FA11-4FD2-BE7E-4322ED3C9A17}.Debug|Any CPU.ActiveCfg = Debug|Any CPU
		{7097E859-FA11-4FD2-BE7E-4322ED3C9A17}.Debug|Any CPU.Build.0 = Debug|Any CPU
		{7097E859-FA11-4FD2-BE7E-4322ED3C9A17}.Debug|iPhone.ActiveCfg = Debug|Any CPU
		{7097E859-FA11-4FD2-BE7E-4322ED3C9A17}.Debug|iPhone.Build.0 = Debug|Any CPU
		{7097E859-FA11-4FD2-BE7E-4322ED3C9A17}.Debug|iPhoneSimulator.ActiveCfg = Debug|Any CPU
		{7097E859-FA11-4FD2-BE7E-4322ED3C9A17}.Debug|iPhoneSimulator.Build.0 = Debug|Any CPU
		{7097E859-FA11-4FD2-BE7E-4322ED3C9A17}.Debug|Mixed Platforms.ActiveCfg = Debug|Any CPU
		{7097E859-FA11-4FD2-BE7E-4322ED3C9A17}.Debug|Mixed Platforms.Build.0 = Debug|Any CPU
		{7097E859-FA11-4FD2-BE7E-4322ED3C9A17}.Release|Any CPU.ActiveCfg = Release|Any CPU
		{7097E859-FA11-4FD2-BE7E-4322ED3C9A17}.Release|Any CPU.Build.0 = Release|Any CPU
		{7097E859-FA11-4FD2-BE7E-4322ED3C9A17}.Release|iPhone.ActiveCfg = Release|Any CPU
		{7097E859-FA11-4FD2-BE7E-4322ED3C9A17}.Release|iPhoneSimulator.ActiveCfg = Release|Any CPU
		{7097E859-FA11-4FD2-BE7E-4322ED3C9A17}.Release|Mixed Platforms.ActiveCfg = Release|Any CPU
		{7097E859-FA11-4FD2-BE7E-4322ED3C9A17}.Release|Mixed Platforms.Build.0 = Release|Any CPU
	EndGlobalSection
	GlobalSection(SolutionProperties) = preSolution
		HideSolutionNode = FALSE
	EndGlobalSection
EndGlobal
